// !$*UTF8*$!
{
	archiveVersion = 1;
	classes = {
	};
	objectVersion = 77;
	objects = {

/* Begin PBXBuildFile section */
		BF7F7DBD2DF59A770094E651 /* AddTaskView.swift in Sources */ = {isa = PBXBuildFile; fileRef = BF7F7DB22DF59A770094E651 /* AddTaskView.swift */; };
		BF7F7DBE2DF59A770094E651 /* MainView.swift in Sources */ = {isa = PBXBuildFile; fileRef = BF7F7DB42DF59A770094E651 /* MainView.swift */; };
		BF7F7DBF2DF59A770094E651 /* dataModel.swift in Sources */ = {isa = PBXBuildFile; fileRef = BF7F7DB52DF59A770094E651 /* dataModel.swift */; };
		BF7F7DC02DF59A770094E651 /* EmptyStateView.swift in Sources */ = {isa = PBXBuildFile; fileRef = BF7F7DB62DF59A770094E651 /* EmptyStateView.swift */; };
		BF7F7DC12DF59A770094E651 /* TaskListView.swift in Sources */ = {isa = PBXBuildFile; fileRef = BF7F7DB72DF59A770094E651 /* TaskListView.swift */; };
		BF7F7DC22DF59A770094E651 /* taskManagementAppApp.swift in Sources */ = {isa = PBXBuildFile; fileRef = BF7F7DB82DF59A770094E651 /* taskManagementAppApp.swift */; };
		BF7F7DC32DF59A770094E651 /* TaskRowView.swift in Sources */ = {isa = PBXBuildFile; fileRef = BF7F7DB92DF59A770094E651 /* TaskRowView.swift */; };
		BF7F7DC42DF59A770094E651 /* TimeSlotTab.swift in Sources */ = {isa = PBXBuildFile; fileRef = BF7F7DBA2DF59A770094E651 /* TimeSlotTab.swift */; };
		BF7F7DC52DF59A770094E651 /* TimeSlotTabView.swift in Sources */ = {isa = PBXBuildFile; fileRef = BF7F7DBB2DF59A770094E651 /* TimeSlotTabView.swift */; };
		BF7F7DC62DF59A770094E651 /* Assets.xcassets in Resources */ = {isa = PBXBuildFile; fileRef = BF7F7DB32DF59A770094E651 /* Assets.xcassets */; };
		BF7F7DCA2DFBF4A00094E651 /* TaskManager.swift in Sources */ = {isa = PBXBuildFile; fileRef = BF7F7DC92DFBF4A00094E651 /* TaskManager.swift */; };
		BFE65C9C2E110097007B901F /* ToggleDayView.swift in Sources */ = {isa = PBXBuildFile; fileRef = BFE65C9B2E110097007B901F /* ToggleDayView.swift */; };
/* End PBXBuildFile section */

/* Begin PBXFileReference section */
		BF300E182DE2126D003AE13C /* taskManagementApp.app */ = {isa = PBXFileReference; explicitFileType = wrapper.application; includeInIndex = 0; path = taskManagementApp.app; sourceTree = BUILT_PRODUCTS_DIR; };
		BF7F7DB22DF59A770094E651 /* AddTaskView.swift */ = {isa = PBXFileReference; lastKnownFileType = sourcecode.swift; path = AddTaskView.swift; sourceTree = "<group>"; };
		BF7F7DB32DF59A770094E651 /* Assets.xcassets */ = {isa = PBXFileReference; lastKnownFileType = folder.assetcatalog; path = Assets.xcassets; sourceTree = "<group>"; };
		BF7F7DB42DF59A770094E651 /* MainView.swift */ = {isa = PBXFileReference; lastKnownFileType = sourcecode.swift; path = MainView.swift; sourceTree = "<group>"; };
		BF7F7DB52DF59A770094E651 /* dataModel.swift */ = {isa = PBXFileReference; lastKnownFileType = sourcecode.swift; path = dataModel.swift; sourceTree = "<group>"; };
		BF7F7DB62DF59A770094E651 /* EmptyStateView.swift */ = {isa = PBXFileReference; lastKnownFileType = sourcecode.swift; path = EmptyStateView.swift; sourceTree = "<group>"; };
		BF7F7DB72DF59A770094E651 /* TaskListView.swift */ = {isa = PBXFileReference; lastKnownFileType = sourcecode.swift; path = TaskListView.swift; sourceTree = "<group>"; };
		BF7F7DB82DF59A770094E651 /* taskManagementAppApp.swift */ = {isa = PBXFileReference; lastKnownFileType = sourcecode.swift; path = taskManagementAppApp.swift; sourceTree = "<group>"; };
		BF7F7DB92DF59A770094E651 /* TaskRowView.swift */ = {isa = PBXFileReference; lastKnownFileType = sourcecode.swift; path = TaskRowView.swift; sourceTree = "<group>"; };
		BF7F7DBA2DF59A770094E651 /* TimeSlotTab.swift */ = {isa = PBXFileReference; lastKnownFileType = sourcecode.swift; path = TimeSlotTab.swift; sourceTree = "<group>"; };
		BF7F7DBB2DF59A770094E651 /* TimeSlotTabView.swift */ = {isa = PBXFileReference; lastKnownFileType = sourcecode.swift; path = TimeSlotTabView.swift; sourceTree = "<group>"; };
		BF7F7DC92DFBF4A00094E651 /* TaskManager.swift */ = {isa = PBXFileReference; lastKnownFileType = sourcecode.swift; path = TaskManager.swift; sourceTree = "<group>"; };
		BFE65C9B2E110097007B901F /* ToggleDayView.swift */ = {isa = PBXFileReference; lastKnownFileType = sourcecode.swift; path = ToggleDayView.swift; sourceTree = "<group>"; };
/* End PBXFileReference section */

/* Begin PBXFrameworksBuildPhase section */
		BF300E152DE2126D003AE13C /* Frameworks */ = {
			isa = PBXFrameworksBuildPhase;
			buildActionMask = 2147483647;
			files = (
			);
			runOnlyForDeploymentPostprocessing = 0;
		};
/* End PBXFrameworksBuildPhase section */

/* Begin PBXGroup section */
		BF300E0F2DE2126D003AE13C = {
			isa = PBXGroup;
			children = (
				BF7F7DBC2DF59A770094E651 /* taskManagementApp */,
				BF300E192DE2126D003AE13C /* Products */,
			);
			sourceTree = "<group>";
		};
		BF300E192DE2126D003AE13C /* Products */ = {
			isa = PBXGroup;
			children = (
				BF300E182DE2126D003AE13C /* taskManagementApp.app */,
			);
			name = Products;
			sourceTree = "<group>";
		};
		BF7F7DBC2DF59A770094E651 /* taskManagementApp */ = {
			isa = PBXGroup;
			children = (
				BF7F7DC82DFBF4600094E651 /* models */,
				BF7F7DC72DF59A7B0094E651 /* Views */,
				BF7F7DB32DF59A770094E651 /* Assets.xcassets */,
				BF7F7DB82DF59A770094E651 /* taskManagementAppApp.swift */,
			);
			path = taskManagementApp;
			sourceTree = "<group>";
		};
		BF7F7DC72DF59A7B0094E651 /* Views */ = {
			isa = PBXGroup;
			children = (
				BF7F7DB42DF59A770094E651 /* MainView.swift */,
				BFE65C9B2E110097007B901F /* ToggleDayView.swift */,
				BF7F7DB92DF59A770094E651 /* TaskRowView.swift */,
				BF7F7DB62DF59A770094E651 /* EmptyStateView.swift */,
				BF7F7DB72DF59A770094E651 /* TaskListView.swift */,
				BF7F7DB22DF59A770094E651 /* AddTaskView.swift */,
				BF7F7DBB2DF59A770094E651 /* TimeSlotTabView.swift */,
				BF7F7DBA2DF59A770094E651 /* TimeSlotTab.swift */,
			);
			path = Views;
			sourceTree = "<group>";
		};
		BF7F7DC82DFBF4600094E651 /* models */ = {
			isa = PBXGroup;
			children = (
				BF7F7DC92DFBF4A00094E651 /* TaskManager.swift */,
				BF7F7DB52DF59A770094E651 /* dataModel.swift */,
			);
			path = models;
			sourceTree = "<group>";
		};
/* End PBXGroup section */

/* Begin PBXNativeTarget section */
		BF300E172DE2126D003AE13C /* taskManagementApp */ = {
			isa = PBXNativeTarget;
			buildConfigurationList = BF300E232DE2126E003AE13C /* Build configuration list for PBXNativeTarget "taskManagementApp" */;
			buildPhases = (
				BF300E142DE2126D003AE13C /* Sources */,
				BF300E152DE2126D003AE13C /* Frameworks */,
				BF300E162DE2126D003AE13C /* Resources */,
			);
			buildRules = (
			);
			dependencies = (
			);
			name = taskManagementApp;
			packageProductDependencies = (
			);
			productName = taskManagementApp;
			productReference = BF300E182DE2126D003AE13C /* taskManagementApp.app */;
			productType = "com.apple.product-type.application";
		};
/* End PBXNativeTarget section */

/* Begin PBXProject section */
		BF300E102DE2126D003AE13C /* Project object */ = {
			isa = PBXProject;
			attributes = {
				BuildIndependentTargetsInParallel = 1;
				LastSwiftUpdateCheck = 1630;
				LastUpgradeCheck = 1630;
				TargetAttributes = {
					BF300E172DE2126D003AE13C = {
						CreatedOnToolsVersion = 16.3;
					};
				};
			};
			buildConfigurationList = BF300E132DE2126D003AE13C /* Build configuration list for PBXProject "taskManagementApp" */;
			developmentRegion = en;
			hasScannedForEncodings = 0;
			knownRegions = (
				en,
				Base,
			);
			mainGroup = BF300E0F2DE2126D003AE13C;
			minimizedProjectReferenceProxies = 1;
			preferredProjectObjectVersion = 77;
			productRefGroup = BF300E192DE2126D003AE13C /* Products */;
			projectDirPath = "";
			projectRoot = "";
			targets = (
				BF300E172DE2126D003AE13C /* taskManagementApp */,
			);
		};
/* End PBXProject section */

/* Begin PBXResourcesBuildPhase section */
		BF300E162DE2126D003AE13C /* Resources */ = {
			isa = PBXResourcesBuildPhase;
			buildActionMask = 2147483647;
			files = (
				BF7F7DC62DF59A770094E651 /* Assets.xcassets in Resources */,
			);
			runOnlyForDeploymentPostprocessing = 0;
		};
/* End PBXResourcesBuildPhase section */

/* Begin PBXSourcesBuildPhase section */
		BF300E142DE2126D003AE13C /* Sources */ = {
			isa = PBXSourcesBuildPhase;
			buildActionMask = 2147483647;
			files = (
				BF7F7DBD2DF59A770094E651 /* AddTaskView.swift in Sources */,
				BF7F7DBE2DF59A770094E651 /* MainView.swift in Sources */,
				BF7F7DCA2DFBF4A00094E651 /* TaskManager.swift in Sources */,
				BF7F7DBF2DF59A770094E651 /* dataModel.swift in Sources */,
				BF7F7DC02DF59A770094E651 /* EmptyStateView.swift in Sources */,
				BF7F7DC12DF59A770094E651 /* TaskListView.swift in Sources */,
				BF7F7DC22DF59A770094E651 /* taskManagementAppApp.swift in Sources */,
				BF7F7DC32DF59A770094E651 /* TaskRowView.swift in Sources */,
				BFE65C9C2E110097007B901F /* ToggleDayView.swift in Sources */,
				BF7F7DC42DF59A770094E651 /* TimeSlotTab.swift in Sources */,
				BF7F7DC52DF59A770094E651 /* TimeSlotTabView.swift in Sources */,
			);
			runOnlyForDeploymentPostprocessing = 0;
		};
/* End PBXSourcesBuildPhase section */

/* Begin XCBuildConfiguration section */
		BF300E212DE2126E003AE13C /* Debug */ = {
			isa = XCBuildConfiguration;
			buildSettings = {
				ALWAYS_SEARCH_USER_PATHS = NO;
				ASSETCATALOG_COMPILER_GENERATE_SWIFT_ASSET_SYMBOL_EXTENSIONS = YES;
				CLANG_ANALYZER_NONNULL = YES;
				CLANG_ANALYZER_NUMBER_OBJECT_CONVERSION = YES_AGGRESSIVE;
				CLANG_CXX_LANGUAGE_STANDARD = "gnu++20";
				CLANG_ENABLE_MODULES = YES;
				CLANG_ENABLE_OBJC_ARC = YES;
				CLANG_ENABLE_OBJC_WEAK = YES;
				CLANG_WARN_BLOCK_CAPTURE_AUTORELEASING = YES;
				CLANG_WARN_BOOL_CONVERSION = YES;
				CLANG_WARN_COMMA = YES;
				CLANG_WARN_CONSTANT_CONVERSION = YES;
				CLANG_WARN_DEPRECATED_OBJC_IMPLEMENTATIONS = YES;
				CLANG_WARN_DIRECT_OBJC_ISA_USAGE = YES_ERROR;
				CLANG_WARN_DOCUMENTATION_COMMENTS = YES;
				CLANG_WARN_EMPTY_BODY = YES;
				CLANG_WARN_ENUM_CONVERSION = YES;
				CLANG_WARN_INFINITE_RECURSION = YES;
				CLANG_WARN_INT_CONVERSION = YES;
				CLANG_WARN_NON_LITERAL_NULL_CONVERSION = YES;
				CLANG_WARN_OBJC_IMPLICIT_RETAIN_SELF = YES;
				CLANG_WARN_OBJC_LITERAL_CONVERSION = YES;
				CLANG_WARN_OBJC_ROOT_CLASS = YES_ERROR;
				CLANG_WARN_QUOTED_INCLUDE_IN_FRAMEWORK_HEADER = YES;
				CLANG_WARN_RANGE_LOOP_ANALYSIS = YES;
				CLANG_WARN_STRICT_PROTOTYPES = YES;
				CLANG_WARN_SUSPICIOUS_MOVE = YES;
				CLANG_WARN_UNGUARDED_AVAILABILITY = YES_AGGRESSIVE;
				CLANG_WARN_UNREACHABLE_CODE = YES;
				CLANG_WARN__DUPLICATE_METHOD_MATCH = YES;
				COPY_PHASE_STRIP = NO;
				DEBUG_INFORMATION_FORMAT = dwarf;
				DEVELOPMENT_TEAM = F2KY6KTH3H;
				ENABLE_STRICT_OBJC_MSGSEND = YES;
				ENABLE_TESTABILITY = YES;
				ENABLE_USER_SCRIPT_SANDBOXING = YES;
				GCC_C_LANGUAGE_STANDARD = gnu17;
				GCC_DYNAMIC_NO_PIC = NO;
				GCC_NO_COMMON_BLOCKS = YES;
				GCC_OPTIMIZATION_LEVEL = 0;
				GCC_PREPROCESSOR_DEFINITIONS = (
					"DEBUG=1",
					"$(inherited)",
				);
				GCC_WARN_64_TO_32_BIT_CONVERSION = YES;
				GCC_WARN_ABOUT_RETURN_TYPE = YES_ERROR;
				GCC_WARN_UNDECLARED_SELECTOR = YES;
				GCC_WARN_UNINITIALIZED_AUTOS = YES_AGGRESSIVE;
				GCC_WARN_UNUSED_FUNCTION = YES;
				GCC_WARN_UNUSED_VARIABLE = YES;
				IPHONEOS_DEPLOYMENT_TARGET = 18.4;
				LOCALIZATION_PREFERS_STRING_CATALOGS = YES;
				MTL_ENABLE_DEBUG_INFO = INCLUDE_SOURCE;
				MTL_FAST_MATH = YES;
				ONLY_ACTIVE_ARCH = YES;
				SDKROOT = iphoneos;
				SWIFT_ACTIVE_COMPILATION_CONDITIONS = "DEBUG $(inherited)";
				SWIFT_OPTIMIZATION_LEVEL = "-Onone";
			};
			name = Debug;
		};
		BF300E222DE2126E003AE13C /* Release */ = {
			isa = XCBuildConfiguration;
			buildSettings = {
				ALWAYS_SEARCH_USER_PATHS = NO;
				ASSETCATALOG_COMPILER_GENERATE_SWIFT_ASSET_SYMBOL_EXTENSIONS = YES;
				CLANG_ANALYZER_NONNULL = YES;
				CLANG_ANALYZER_NUMBER_OBJECT_CONVERSION = YES_AGGRESSIVE;
				CLANG_CXX_LANGUAGE_STANDARD = "gnu++20";
				CLANG_ENABLE_MODULES = YES;
				CLANG_ENABLE_OBJC_ARC = YES;
				CLANG_ENABLE_OBJC_WEAK = YES;
				CLANG_WARN_BLOCK_CAPTURE_AUTORELEASING = YES;
				CLANG_WARN_BOOL_CONVERSION = YES;
				CLANG_WARN_COMMA = YES;
				CLANG_WARN_CONSTANT_CONVERSION = YES;
				CLANG_WARN_DEPRECATED_OBJC_IMPLEMENTATIONS = YES;
				CLANG_WARN_DIRECT_OBJC_ISA_USAGE = YES_ERROR;
				CLANG_WARN_DOCUMENTATION_COMMENTS = YES;
				CLANG_WARN_EMPTY_BODY = YES;
				CLANG_WARN_ENUM_CONVERSION = YES;
				CLANG_WARN_INFINITE_RECURSION = YES;
				CLANG_WARN_INT_CONVERSION = YES;
				CLANG_WARN_NON_LITERAL_NULL_CONVERSION = YES;
				CLANG_WARN_OBJC_IMPLICIT_RETAIN_SELF = YES;
				CLANG_WARN_OBJC_LITERAL_CONVERSION = YES;
				CLANG_WARN_OBJC_ROOT_CLASS = YES_ERROR;
				CLANG_WARN_QUOTED_INCLUDE_IN_FRAMEWORK_HEADER = YES;
				CLANG_WARN_RANGE_LOOP_ANALYSIS = YES;
				CLANG_WARN_STRICT_PROTOTYPES = YES;
				CLANG_WARN_SUSPICIOUS_MOVE = YES;
				CLANG_WARN_UNGUARDED_AVAILABILITY = YES_AGGRESSIVE;
				CLANG_WARN_UNREACHABLE_CODE = YES;
				CLANG_WARN__DUPLICATE_METHOD_MATCH = YES;
				COPY_PHASE_STRIP = NO;
				DEBUG_INFORMATION_FORMAT = "dwarf-with-dsym";
				DEVELOPMENT_TEAM = F2KY6KTH3H;
				ENABLE_NS_ASSERTIONS = NO;
				ENABLE_STRICT_OBJC_MSGSEND = YES;
				ENABLE_USER_SCRIPT_SANDBOXING = YES;
				GCC_C_LANGUAGE_STANDARD = gnu17;
				GCC_NO_COMMON_BLOCKS = YES;
				GCC_WARN_64_TO_32_BIT_CONVERSION = YES;
				GCC_WARN_ABOUT_RETURN_TYPE = YES_ERROR;
				GCC_WARN_UNDECLARED_SELECTOR = YES;
				GCC_WARN_UNINITIALIZED_AUTOS = YES_AGGRESSIVE;
				GCC_WARN_UNUSED_FUNCTION = YES;
				GCC_WARN_UNUSED_VARIABLE = YES;
				IPHONEOS_DEPLOYMENT_TARGET = 18.4;
				LOCALIZATION_PREFERS_STRING_CATALOGS = YES;
				MTL_ENABLE_DEBUG_INFO = NO;
				MTL_FAST_MATH = YES;
				SDKROOT = iphoneos;
				SWIFT_COMPILATION_MODE = wholemodule;
				VALIDATE_PRODUCT = YES;
			};
			name = Release;
		};
		BF300E242DE2126E003AE13C /* Debug */ = {
			isa = XCBuildConfiguration;
			buildSettings = {
				ASSETCATALOG_COMPILER_APPICON_NAME = AppIcon;
				ASSETCATALOG_COMPILER_GLOBAL_ACCENT_COLOR_NAME = AccentColor;
				CODE_SIGN_STYLE = Automatic;
				CURRENT_PROJECT_VERSION = 1;
				DEVELOPMENT_TEAM = F2KY6KTH3H;
				ENABLE_PREVIEWS = YES;
				GENERATE_INFOPLIST_FILE = YES;
				INFOPLIST_KEY_UIApplicationSceneManifest_Generation = YES;
				INFOPLIST_KEY_UIApplicationSupportsIndirectInputEvents = YES;
				INFOPLIST_KEY_UILaunchScreen_Generation = YES;
				INFOPLIST_KEY_UISupportedInterfaceOrientations_iPad = "UIInterfaceOrientationPortrait UIInterfaceOrientationPortraitUpsideDown UIInterfaceOrientationLandscapeLeft UIInterfaceOrientationLandscapeRight";
				INFOPLIST_KEY_UISupportedInterfaceOrientations_iPhone = "UIInterfaceOrientationPortrait UIInterfaceOrientationLandscapeLeft UIInterfaceOrientationLandscapeRight";
				LD_RUNPATH_SEARCH_PATHS = (
					"$(inherited)",
					"@executable_path/Frameworks",
				);
				MARKETING_VERSION = 1.0;
				PRODUCT_BUNDLE_IDENTIFIER = com.yasu.taskManagementApp326;
				PRODUCT_NAME = "$(TARGET_NAME)";
				SWIFT_EMIT_LOC_STRINGS = YES;
				SWIFT_VERSION = 5.0;
				TARGETED_DEVICE_FAMILY = "1,2";
			};
			name = Debug;
		};
		BF300E252DE2126E003AE13C /* Release */ = {
			isa = XCBuildConfiguration;
			buildSettings = {
				ASSETCATALOG_COMPILER_APPICON_NAME = AppIcon;
				ASSETCATALOG_COMPILER_GLOBAL_ACCENT_COLOR_NAME = AccentColor;
				CODE_SIGN_STYLE = Automatic;
				CURRENT_PROJECT_VERSION = 1;
				DEVELOPMENT_TEAM = F2KY6KTH3H;
				ENABLE_PREVIEWS = YES;
				GENERATE_INFOPLIST_FILE = YES;
				INFOPLIST_KEY_UIApplicationSceneManifest_Generation = YES;
				INFOPLIST_KEY_UIApplicationSupportsIndirectInputEvents = YES;
				INFOPLIST_KEY_UILaunchScreen_Generation = YES;
				INFOPLIST_KEY_UISupportedInterfaceOrientations_iPad = "UIInterfaceOrientationPortrait UIInterfaceOrientationPortraitUpsideDown UIInterfaceOrientationLandscapeLeft UIInterfaceOrientationLandscapeRight";
				INFOPLIST_KEY_UISupportedInterfaceOrientations_iPhone = "UIInterfaceOrientationPortrait UIInterfaceOrientationLandscapeLeft UIInterfaceOrientationLandscapeRight";
				LD_RUNPATH_SEARCH_PATHS = (
					"$(inherited)",
					"@executable_path/Frameworks",
				);
				MARKETING_VERSION = 1.0;
				PRODUCT_BUNDLE_IDENTIFIER = com.yasu.taskManagementApp326;
				PRODUCT_NAME = "$(TARGET_NAME)";
				SWIFT_EMIT_LOC_STRINGS = YES;
				SWIFT_VERSION = 5.0;
				TARGETED_DEVICE_FAMILY = "1,2";
			};
			name = Release;
		};
/* End XCBuildConfiguration section */

/* Begin XCConfigurationList section */
		BF300E132DE2126D003AE13C /* Build configuration list for PBXProject "taskManagementApp" */ = {
			isa = XCConfigurationList;
			buildConfigurations = (
				BF300E212DE2126E003AE13C /* Debug */,
				BF300E222DE2126E003AE13C /* Release */,
			);
			defaultConfigurationIsVisible = 0;
			defaultConfigurationName = Release;
		};
		BF300E232DE2126E003AE13C /* Build configuration list for PBXNativeTarget "taskManagementApp" */ = {
			isa = XCConfigurationList;
			buildConfigurations = (
				BF300E242DE2126E003AE13C /* Debug */,
				BF300E252DE2126E003AE13C /* Release */,
			);
			defaultConfigurationIsVisible = 0;
			defaultConfigurationName = Release;
		};
/* End XCConfigurationList section */
	};
	rootObject = BF300E102DE2126D003AE13C /* Project object */;
}
